
Microsoft Visual Studio Solution File, Format Version 12.00
# Visual Studio Version 17
VisualStudioVersion = 17.2.32630.192
MinimumVisualStudioVersion = 10.0.40219.1
Project("{9A19103F-16F7-4668-BE54-9A1E7A4F7556}") = "CyberTutorial.API", "CyberTutorial.API\CyberTutorial.API.csproj", "{BCFD7533-F95D-4F25-B5E4-6441E97932CA}"
EndProject
Project("{9A19103F-16F7-4668-BE54-9A1E7A4F7556}") = "CyberTutorial.WebApp", "CyberTutorial.WebApp\CyberTutorial.WebApp.csproj", "{A9190726-2DC1-44B8-A3D3-2B35AE9AC65B}"
EndProject
Project("{2150E333-8FDC-42A3-9474-1A3956D46DE8}") = "Apps", "Apps", "{B35E0C6F-BB20-46ED-AC56-3594CCED600C}"
EndProject
Project("{9A19103F-16F7-4668-BE54-9A1E7A4F7556}") = "CyberTutorial.Application", "CyberTutorial.Application\CyberTutorial.Application.csproj", "{5836F982-BE65-46CC-ABCD-3A28335341B6}"
EndProject
Project("{9A19103F-16F7-4668-BE54-9A1E7A4F7556}") = "CyberTutorial.Domain", "CyberTutorial.Domain\CyberTutorial.Domain.csproj", "{DE0F5136-8756-4DEF-B6BD-AFD4E050E7CE}"
EndProject
Project("{9A19103F-16F7-4668-BE54-9A1E7A4F7556}") = "CyberTutorial.Infrastructure", "CyberTutorial.Infrastructure\CyberTutorial.Infrastructure.csproj", "{484B24C8-736E-4C75-A226-6AC90AD0E4CC}"
EndProject
Project("{2150E333-8FDC-42A3-9474-1A3956D46DE8}") = "Solution Items", "Solution Items", "{2DC63F44-0A81-40D5-9AF2-9FBA3D03DB41}"
	ProjectSection(SolutionItems) = preProject
		Docs.md = Docs.md
	EndProjectSection
EndProject
Project("{2150E333-8FDC-42A3-9474-1A3956D46DE8}") = "Libraries", "Libraries", "{CEE7705D-6795-4BE9-BBA9-B56A5F4BF730}"
EndProject
Project("{9A19103F-16F7-4668-BE54-9A1E7A4F7556}") = "CyberTutorial.Contracts", "CyberTutorial.Contracts\CyberTutorial.Contracts.csproj", "{AC0672C1-C7B8-4C36-96CA-F36E0942B084}"
EndProject
Project("{FAE04EC0-301F-11D3-BF4B-00C04F79EFBC}") = "CyberTutorial.API.Testing", "CyberTutorial.API.Testing\CyberTutorial.API.Testing.csproj", "{B751F730-5D2E-422C-B0F9-27F7E95CD6BE}"
EndProject
Global
	GlobalSection(SolutionConfigurationPlatforms) = preSolution
		Debug|Any CPU = Debug|Any CPU
		Release|Any CPU = Release|Any CPU
	EndGlobalSection
	GlobalSection(ProjectConfigurationPlatforms) = postSolution
		{BCFD7533-F95D-4F25-B5E4-6441E97932CA}.Debug|Any CPU.ActiveCfg = Debug|Any CPU
		{BCFD7533-F95D-4F25-B5E4-6441E97932CA}.Debug|Any CPU.Build.0 = Debug|Any CPU
		{BCFD7533-F95D-4F25-B5E4-6441E97932CA}.Release|Any CPU.ActiveCfg = Release|Any CPU
		{BCFD7533-F95D-4F25-B5E4-6441E97932CA}.Release|Any CPU.Build.0 = Release|Any CPU
		{A9190726-2DC1-44B8-A3D3-2B35AE9AC65B}.Debug|Any CPU.ActiveCfg = Debug|Any CPU
		{A9190726-2DC1-44B8-A3D3-2B35AE9AC65B}.Debug|Any CPU.Build.0 = Debug|Any CPU
		{A9190726-2DC1-44B8-A3D3-2B35AE9AC65B}.Release|Any CPU.ActiveCfg = Release|Any CPU
		{A9190726-2DC1-44B8-A3D3-2B35AE9AC65B}.Release|Any CPU.Build.0 = Release|Any CPU
		{5836F982-BE65-46CC-ABCD-3A28335341B6}.Debug|Any CPU.ActiveCfg = Debug|Any CPU
		{5836F982-BE65-46CC-ABCD-3A28335341B6}.Debug|Any CPU.Build.0 = Debug|Any CPU
		{5836F982-BE65-46CC-ABCD-3A28335341B6}.Release|Any CPU.ActiveCfg = Release|Any CPU
		{5836F982-BE65-46CC-ABCD-3A28335341B6}.Release|Any CPU.Build.0 = Release|Any CPU
		{DE0F5136-8756-4DEF-B6BD-AFD4E050E7CE}.Debug|Any CPU.ActiveCfg = Debug|Any CPU
		{DE0F5136-8756-4DEF-B6BD-AFD4E050E7CE}.Debug|Any CPU.Build.0 = Debug|Any CPU
		{DE0F5136-8756-4DEF-B6BD-AFD4E050E7CE}.Release|Any CPU.ActiveCfg = Release|Any CPU
		{DE0F5136-8756-4DEF-B6BD-AFD4E050E7CE}.Release|Any CPU.Build.0 = Release|Any CPU
		{484B24C8-736E-4C75-A226-6AC90AD0E4CC}.Debug|Any CPU.ActiveCfg = Debug|Any CPU
		{484B24C8-736E-4C75-A226-6AC90AD0E4CC}.Debug|Any CPU.Build.0 = Debug|Any CPU
		{484B24C8-736E-4C75-A226-6AC90AD0E4CC}.Release|Any CPU.ActiveCfg = Release|Any CPU
		{484B24C8-736E-4C75-A226-6AC90AD0E4CC}.Release|Any CPU.Build.0 = Release|Any CPU
		{AC0672C1-C7B8-4C36-96CA-F36E0942B084}.Debug|Any CPU.ActiveCfg = Debug|Any CPU
		{AC0672C1-C7B8-4C36-96CA-F36E0942B084}.Debug|Any CPU.Build.0 = Debug|Any CPU
		{AC0672C1-C7B8-4C36-96CA-F36E0942B084}.Release|Any CPU.ActiveCfg = Release|Any CPU
		{AC0672C1-C7B8-4C36-96CA-F36E0942B084}.Release|Any CPU.Build.0 = Release|Any CPU
		{B751F730-5D2E-422C-B0F9-27F7E95CD6BE}.Debug|Any CPU.ActiveCfg = Debug|Any CPU
		{B751F730-5D2E-422C-B0F9-27F7E95CD6BE}.Debug|Any CPU.Build.0 = Debug|Any CPU
		{B751F730-5D2E-422C-B0F9-27F7E95CD6BE}.Release|Any CPU.ActiveCfg = Release|Any CPU
		{B751F730-5D2E-422C-B0F9-27F7E95CD6BE}.Release|Any CPU.Build.0 = Release|Any CPU
	EndGlobalSection
	GlobalSection(SolutionProperties) = preSolution
		HideSolutionNode = FALSE
	EndGlobalSection
	GlobalSection(NestedProjects) = preSolution
		{BCFD7533-F95D-4F25-B5E4-6441E97932CA} = {B35E0C6F-BB20-46ED-AC56-3594CCED600C}
		{A9190726-2DC1-44B8-A3D3-2B35AE9AC65B} = {B35E0C6F-BB20-46ED-AC56-3594CCED600C}
		{5836F982-BE65-46CC-ABCD-3A28335341B6} = {CEE7705D-6795-4BE9-BBA9-B56A5F4BF730}
		{DE0F5136-8756-4DEF-B6BD-AFD4E050E7CE} = {CEE7705D-6795-4BE9-BBA9-B56A5F4BF730}
		{484B24C8-736E-4C75-A226-6AC90AD0E4CC} = {CEE7705D-6795-4BE9-BBA9-B56A5F4BF730}
		{AC0672C1-C7B8-4C36-96CA-F36E0942B084} = {CEE7705D-6795-4BE9-BBA9-B56A5F4BF730}
		{B751F730-5D2E-422C-B0F9-27F7E95CD6BE} = {B35E0C6F-BB20-46ED-AC56-3594CCED600C}
	EndGlobalSection
	GlobalSection(ExtensibilityGlobals) = postSolution
		SolutionGuid = {76D8A317-B73E-46B1-B12B-CDA903BF5C8D}
	EndGlobalSection
EndGlobal
